
Microsoft Visual Studio Solution File, Format Version 12.00
# Visual Studio Version 16
VisualStudioVersion = 16.0.30128.74
MinimumVisualStudioVersion = 10.0.40219.1
Project("{FAE04EC0-301F-11D3-BF4B-00C04F79EFBC}") = "EdgeOS.API", "EdgeOS.API\EdgeOS.API.csproj", "{7293F771-90DB-4D52-A651-4BD061B25D1E}"
EndProject
Project("{2150E333-8FDC-42A3-9474-1A3956D46DE8}") = "Examples", "Examples", "{BC771259-F293-42A0-8D8F-3D1AAA34147D}"
EndProject
Project("{FAE04EC0-301F-11D3-BF4B-00C04F79EFBC}") = "InterfacesChart", "Examples\InterfacesChart\InterfacesChart.csproj", "{D1033190-05B6-44D6-9E7B-3BE72E74CEDF}"
EndProject
Project("{FAE04EC0-301F-11D3-BF4B-00C04F79EFBC}") = "LogFeed", "Examples\LogFeed\LogFeed.csproj", "{09F1F624-43E2-4618-A448-2F015878D446}"
EndProject
Project("{FAE04EC0-301F-11D3-BF4B-00C04F79EFBC}") = "WebClientDemo", "Examples\WebClientDemo\WebClientDemo.csproj", "{0A06A074-7FBF-4989-9B4F-686C5AA022D5}"
EndProject
Global
	GlobalSection(SolutionConfigurationPlatforms) = preSolution
		Debug|Any CPU = Debug|Any CPU
		Release|Any CPU = Release|Any CPU
	EndGlobalSection
	GlobalSection(ProjectConfigurationPlatforms) = postSolution
		{7293F771-90DB-4D52-A651-4BD061B25D1E}.Debug|Any CPU.ActiveCfg = Debug|Any CPU
		{7293F771-90DB-4D52-A651-4BD061B25D1E}.Debug|Any CPU.Build.0 = Debug|Any CPU
		{7293F771-90DB-4D52-A651-4BD061B25D1E}.Release|Any CPU.ActiveCfg = Release|Any CPU
		{7293F771-90DB-4D52-A651-4BD061B25D1E}.Release|Any CPU.Build.0 = Release|Any CPU
		{D1033190-05B6-44D6-9E7B-3BE72E74CEDF}.Debug|Any CPU.ActiveCfg = Debug|Any CPU
		{D1033190-05B6-44D6-9E7B-3BE72E74CEDF}.Debug|Any CPU.Build.0 = Debug|Any CPU
		{D1033190-05B6-44D6-9E7B-3BE72E74CEDF}.Release|Any CPU.ActiveCfg = Release|Any CPU
		{D1033190-05B6-44D6-9E7B-3BE72E74CEDF}.Release|Any CPU.Build.0 = Release|Any CPU
		{09F1F624-43E2-4618-A448-2F015878D446}.Debug|Any CPU.ActiveCfg = Debug|Any CPU
		{09F1F624-43E2-4618-A448-2F015878D446}.Debug|Any CPU.Build.0 = Debug|Any CPU
		{09F1F624-43E2-4618-A448-2F015878D446}.Release|Any CPU.ActiveCfg = Release|Any CPU
		{09F1F624-43E2-4618-A448-2F015878D446}.Release|Any CPU.Build.0 = Release|Any CPU
		{0A06A074-7FBF-4989-9B4F-686C5AA022D5}.Debug|Any CPU.ActiveCfg = Debug|Any CPU
		{0A06A074-7FBF-4989-9B4F-686C5AA022D5}.Debug|Any CPU.Build.0 = Debug|Any CPU
		{0A06A074-7FBF-4989-9B4F-686C5AA022D5}.Release|Any CPU.ActiveCfg = Release|Any CPU
		{0A06A074-7FBF-4989-9B4F-686C5AA022D5}.Release|Any CPU.Build.0 = Release|Any CPU
	EndGlobalSection
	GlobalSection(SolutionProperties) = preSolution
		HideSolutionNode = FALSE
	EndGlobalSection
	GlobalSection(NestedProjects) = preSolution
		{D1033190-05B6-44D6-9E7B-3BE72E74CEDF} = {BC771259-F293-42A0-8D8F-3D1AAA34147D}
		{09F1F624-43E2-4618-A448-2F015878D446} = {BC771259-F293-42A0-8D8F-3D1AAA34147D}
		{0A06A074-7FBF-4989-9B4F-686C5AA022D5} = {BC771259-F293-42A0-8D8F-3D1AAA34147D}
	EndGlobalSection
	GlobalSection(ExtensibilityGlobals) = postSolution
		SolutionGuid = {3433EB05-F422-498E-9293-58E538F44DC3}
	EndGlobalSection
EndGlobal
