
Microsoft Visual Studio Solution File, Format Version 12.00
# Visual Studio Version 16
VisualStudioVersion = 16.0.30128.74
MinimumVisualStudioVersion = 10.0.40219.1
Project("{FAE04EC0-301F-11D3-BF4B-00C04F79EFBC}") = "InterfacesChart", "Examples\InterfacesChart\InterfacesChart.csproj", "{D1033190-05B6-44D6-9E7B-3BE72E74CEDF}"
EndProject
Project("{FAE04EC0-301F-11D3-BF4B-00C04F79EFBC}") = "EdgeOS.API", "EdgeOS.API\EdgeOS.API.csproj", "{7293F771-90DB-4D52-A651-4BD061B25D1E}"
EndProject
Global
	GlobalSection(SolutionConfigurationPlatforms) = preSolution
		Debug|Any CPU = Debug|Any CPU
		Release|Any CPU = Release|Any CPU
	EndGlobalSection
	GlobalSection(ProjectConfigurationPlatforms) = postSolution
		{D1033190-05B6-44D6-9E7B-3BE72E74CEDF}.Debug|Any CPU.ActiveCfg = Debug|Any CPU
		{D1033190-05B6-44D6-9E7B-3BE72E74CEDF}.Debug|Any CPU.Build.0 = Debug|Any CPU
		{D1033190-05B6-44D6-9E7B-3BE72E74CEDF}.Release|Any CPU.ActiveCfg = Release|Any CPU
		{D1033190-05B6-44D6-9E7B-3BE72E74CEDF}.Release|Any CPU.Build.0 = Release|Any CPU
		{7293F771-90DB-4D52-A651-4BD061B25D1E}.Debug|Any CPU.ActiveCfg = Debug|Any CPU
		{7293F771-90DB-4D52-A651-4BD061B25D1E}.Debug|Any CPU.Build.0 = Debug|Any CPU
		{7293F771-90DB-4D52-A651-4BD061B25D1E}.Release|Any CPU.ActiveCfg = Release|Any CPU
		{7293F771-90DB-4D52-A651-4BD061B25D1E}.Release|Any CPU.Build.0 = Release|Any CPU
	EndGlobalSection
	GlobalSection(SolutionProperties) = preSolution
		HideSolutionNode = FALSE
	EndGlobalSection
	GlobalSection(ExtensibilityGlobals) = postSolution
		SolutionGuid = {3433EB05-F422-498E-9293-58E538F44DC3}
	EndGlobalSection
EndGlobal
